
Microsoft Visual Studio Solution File, Format Version 12.00
# Visual Studio Version 16
VisualStudioVersion = 16.0.30717.126
MinimumVisualStudioVersion = 10.0.40219.1
Project("{9A19103F-16F7-4668-BE54-9A1E7A4F7556}") = "LocadoradeVeiculos", "LocadoradeVeiculos\LocadoradeVeiculos.csproj", "{84F73C7B-B82D-41D2-95DB-1009E85C20F9}"
EndProject
Project("{9A19103F-16F7-4668-BE54-9A1E7A4F7556}") = "LocadoradeVeiculosTeste", "LocadoradeVeiculosTeste\LocadoradeVeiculosTeste.csproj", "{B895C6CC-1035-4949-86D6-64BA4552B9FA}"
EndProject
Project("{E53339B2-1760-4266-BCC7-CA923CBCF16C}") = "docker-compose", "docker-compose.dcproj", "{0C74FB49-9D92-4DFC-85F4-1CBAB48E40F6}"
EndProject
Global
	GlobalSection(SolutionConfigurationPlatforms) = preSolution
		Debug|Any CPU = Debug|Any CPU
		Release|Any CPU = Release|Any CPU
	EndGlobalSection
	GlobalSection(ProjectConfigurationPlatforms) = postSolution
		{84F73C7B-B82D-41D2-95DB-1009E85C20F9}.Debug|Any CPU.ActiveCfg = Debug|Any CPU
		{84F73C7B-B82D-41D2-95DB-1009E85C20F9}.Debug|Any CPU.Build.0 = Debug|Any CPU
		{84F73C7B-B82D-41D2-95DB-1009E85C20F9}.Release|Any CPU.ActiveCfg = Release|Any CPU
		{84F73C7B-B82D-41D2-95DB-1009E85C20F9}.Release|Any CPU.Build.0 = Release|Any CPU
		{B895C6CC-1035-4949-86D6-64BA4552B9FA}.Debug|Any CPU.ActiveCfg = Debug|Any CPU
		{B895C6CC-1035-4949-86D6-64BA4552B9FA}.Debug|Any CPU.Build.0 = Debug|Any CPU
		{B895C6CC-1035-4949-86D6-64BA4552B9FA}.Release|Any CPU.ActiveCfg = Release|Any CPU
		{B895C6CC-1035-4949-86D6-64BA4552B9FA}.Release|Any CPU.Build.0 = Release|Any CPU
		{0C74FB49-9D92-4DFC-85F4-1CBAB48E40F6}.Debug|Any CPU.ActiveCfg = Debug|Any CPU
		{0C74FB49-9D92-4DFC-85F4-1CBAB48E40F6}.Debug|Any CPU.Build.0 = Debug|Any CPU
		{0C74FB49-9D92-4DFC-85F4-1CBAB48E40F6}.Release|Any CPU.ActiveCfg = Release|Any CPU
		{0C74FB49-9D92-4DFC-85F4-1CBAB48E40F6}.Release|Any CPU.Build.0 = Release|Any CPU
	EndGlobalSection
	GlobalSection(SolutionProperties) = preSolution
		HideSolutionNode = FALSE
	EndGlobalSection
	GlobalSection(ExtensibilityGlobals) = postSolution
		SolutionGuid = {AC8F1922-D525-4B34-AFE7-1DB4389C3ECE}
	EndGlobalSection
EndGlobal
